// !$*UTF8*$!
{
	archiveVersion = 1;
	classes = {
	};
	objectVersion = 55;
	objects = {

/* Begin PBXBuildFile section */
		7E41C55628D8E4A600F3B33F /* Tests_iOS.swift in Sources */ = {isa = PBXBuildFile; fileRef = 7E41C55528D8E4A600F3B33F /* Tests_iOS.swift */; };
		7E41C55828D8E4A600F3B33F /* Tests_iOSLaunchTests.swift in Sources */ = {isa = PBXBuildFile; fileRef = 7E41C55728D8E4A600F3B33F /* Tests_iOSLaunchTests.swift */; };
		7E41C56228D8E4A600F3B33F /* Tests_macOS.swift in Sources */ = {isa = PBXBuildFile; fileRef = 7E41C56128D8E4A600F3B33F /* Tests_macOS.swift */; };
		7E41C56428D8E4A600F3B33F /* Tests_macOSLaunchTests.swift in Sources */ = {isa = PBXBuildFile; fileRef = 7E41C56328D8E4A600F3B33F /* Tests_macOSLaunchTests.swift */; };
		7E41C56528D8E4A600F3B33F /* LearningGBApp.swift in Sources */ = {isa = PBXBuildFile; fileRef = 7E41C53D28D8E4A400F3B33F /* LearningGBApp.swift */; };
		7E41C56628D8E4A600F3B33F /* LearningGBApp.swift in Sources */ = {isa = PBXBuildFile; fileRef = 7E41C53D28D8E4A400F3B33F /* LearningGBApp.swift */; };
		7E41C56728D8E4A600F3B33F /* ContentView.swift in Sources */ = {isa = PBXBuildFile; fileRef = 7E41C53E28D8E4A400F3B33F /* ContentView.swift */; };
		7E41C56828D8E4A600F3B33F /* ContentView.swift in Sources */ = {isa = PBXBuildFile; fileRef = 7E41C53E28D8E4A400F3B33F /* ContentView.swift */; };
		7E41C56928D8E4A600F3B33F /* Assets.xcassets in Resources */ = {isa = PBXBuildFile; fileRef = 7E41C53F28D8E4A600F3B33F /* Assets.xcassets */; };
		7E41C56A28D8E4A600F3B33F /* Assets.xcassets in Resources */ = {isa = PBXBuildFile; fileRef = 7E41C53F28D8E4A600F3B33F /* Assets.xcassets */; };
/* End PBXBuildFile section */

/* Begin PBXContainerItemProxy section */
		7E41C55228D8E4A600F3B33F /* PBXContainerItemProxy */ = {
			isa = PBXContainerItemProxy;
			containerPortal = 7E41C53828D8E4A400F3B33F /* Project object */;
			proxyType = 1;
			remoteGlobalIDString = 7E41C54328D8E4A600F3B33F;
			remoteInfo = "LearningGB (iOS)";
		};
		7E41C55E28D8E4A600F3B33F /* PBXContainerItemProxy */ = {
			isa = PBXContainerItemProxy;
			containerPortal = 7E41C53828D8E4A400F3B33F /* Project object */;
			proxyType = 1;
			remoteGlobalIDString = 7E41C54928D8E4A600F3B33F;
			remoteInfo = "LearningGB (macOS)";
		};
/* End PBXContainerItemProxy section */

/* Begin PBXFileReference section */
		7E41C53D28D8E4A400F3B33F /* LearningGBApp.swift */ = {isa = PBXFileReference; lastKnownFileType = sourcecode.swift; path = LearningGBApp.swift; sourceTree = "<group>"; };
		7E41C53E28D8E4A400F3B33F /* ContentView.swift */ = {isa = PBXFileReference; lastKnownFileType = sourcecode.swift; path = ContentView.swift; sourceTree = "<group>"; };
		7E41C53F28D8E4A600F3B33F /* Assets.xcassets */ = {isa = PBXFileReference; lastKnownFileType = folder.assetcatalog; path = Assets.xcassets; sourceTree = "<group>"; };
		7E41C54428D8E4A600F3B33F /* LearningGB.app */ = {isa = PBXFileReference; explicitFileType = wrapper.application; includeInIndex = 0; path = LearningGB.app; sourceTree = BUILT_PRODUCTS_DIR; };
		7E41C54A28D8E4A600F3B33F /* LearningGB.app */ = {isa = PBXFileReference; explicitFileType = wrapper.application; includeInIndex = 0; path = LearningGB.app; sourceTree = BUILT_PRODUCTS_DIR; };
		7E41C54C28D8E4A600F3B33F /* macOS.entitlements */ = {isa = PBXFileReference; lastKnownFileType = text.plist.entitlements; path = macOS.entitlements; sourceTree = "<group>"; };
		7E41C55128D8E4A600F3B33F /* Tests iOS.xctest */ = {isa = PBXFileReference; explicitFileType = wrapper.cfbundle; includeInIndex = 0; path = "Tests iOS.xctest"; sourceTree = BUILT_PRODUCTS_DIR; };
		7E41C55528D8E4A600F3B33F /* Tests_iOS.swift */ = {isa = PBXFileReference; lastKnownFileType = sourcecode.swift; path = Tests_iOS.swift; sourceTree = "<group>"; };
		7E41C55728D8E4A600F3B33F /* Tests_iOSLaunchTests.swift */ = {isa = PBXFileReference; lastKnownFileType = sourcecode.swift; path = Tests_iOSLaunchTests.swift; sourceTree = "<group>"; };
		7E41C55D28D8E4A600F3B33F /* Tests macOS.xctest */ = {isa = PBXFileReference; explicitFileType = wrapper.cfbundle; includeInIndex = 0; path = "Tests macOS.xctest"; sourceTree = BUILT_PRODUCTS_DIR; };
		7E41C56128D8E4A600F3B33F /* Tests_macOS.swift */ = {isa = PBXFileReference; lastKnownFileType = sourcecode.swift; path = Tests_macOS.swift; sourceTree = "<group>"; };
		7E41C56328D8E4A600F3B33F /* Tests_macOSLaunchTests.swift */ = {isa = PBXFileReference; lastKnownFileType = sourcecode.swift; path = Tests_macOSLaunchTests.swift; sourceTree = "<group>"; };
/* End PBXFileReference section */

/* Begin PBXFrameworksBuildPhase section */
		7E41C54128D8E4A600F3B33F /* Frameworks */ = {
			isa = PBXFrameworksBuildPhase;
			buildActionMask = 2147483647;
			files = (
			);
			runOnlyForDeploymentPostprocessing = 0;
		};
		7E41C54728D8E4A600F3B33F /* Frameworks */ = {
			isa = PBXFrameworksBuildPhase;
			buildActionMask = 2147483647;
			files = (
			);
			runOnlyForDeploymentPostprocessing = 0;
		};
		7E41C54E28D8E4A600F3B33F /* Frameworks */ = {
			isa = PBXFrameworksBuildPhase;
			buildActionMask = 2147483647;
			files = (
			);
			runOnlyForDeploymentPostprocessing = 0;
		};
		7E41C55A28D8E4A600F3B33F /* Frameworks */ = {
			isa = PBXFrameworksBuildPhase;
			buildActionMask = 2147483647;
			files = (
			);
			runOnlyForDeploymentPostprocessing = 0;
		};
/* End PBXFrameworksBuildPhase section */

/* Begin PBXGroup section */
		7E41C53728D8E4A400F3B33F = {
			isa = PBXGroup;
			children = (
				7E41C53C28D8E4A400F3B33F /* Shared */,
				7E41C54B28D8E4A600F3B33F /* macOS */,
				7E41C55428D8E4A600F3B33F /* Tests iOS */,
				7E41C56028D8E4A600F3B33F /* Tests macOS */,
				7E41C54528D8E4A600F3B33F /* Products */,
			);
			sourceTree = "<group>";
		};
		7E41C53C28D8E4A400F3B33F /* Shared */ = {
			isa = PBXGroup;
			children = (
				7E41C53D28D8E4A400F3B33F /* LearningGBApp.swift */,
				7E41C53E28D8E4A400F3B33F /* ContentView.swift */,
				7E41C53F28D8E4A600F3B33F /* Assets.xcassets */,
			);
			path = Shared;
			sourceTree = "<group>";
		};
		7E41C54528D8E4A600F3B33F /* Products */ = {
			isa = PBXGroup;
			children = (
				7E41C54428D8E4A600F3B33F /* LearningGB.app */,
				7E41C54A28D8E4A600F3B33F /* LearningGB.app */,
				7E41C55128D8E4A600F3B33F /* Tests iOS.xctest */,
				7E41C55D28D8E4A600F3B33F /* Tests macOS.xctest */,
			);
			name = Products;
			sourceTree = "<group>";
		};
		7E41C54B28D8E4A600F3B33F /* macOS */ = {
			isa = PBXGroup;
			children = (
				7E41C54C28D8E4A600F3B33F /* macOS.entitlements */,
			);
			path = macOS;
			sourceTree = "<group>";
		};
		7E41C55428D8E4A600F3B33F /* Tests iOS */ = {
			isa = PBXGroup;
			children = (
				7E41C55528D8E4A600F3B33F /* Tests_iOS.swift */,
				7E41C55728D8E4A600F3B33F /* Tests_iOSLaunchTests.swift */,
			);
			path = "Tests iOS";
			sourceTree = "<group>";
		};
		7E41C56028D8E4A600F3B33F /* Tests macOS */ = {
			isa = PBXGroup;
			children = (
				7E41C56128D8E4A600F3B33F /* Tests_macOS.swift */,
				7E41C56328D8E4A600F3B33F /* Tests_macOSLaunchTests.swift */,
			);
			path = "Tests macOS";
			sourceTree = "<group>";
		};
/* End PBXGroup section */

/* Begin PBXNativeTarget section */
		7E41C54328D8E4A600F3B33F /* LearningGB (iOS) */ = {
			isa = PBXNativeTarget;
			buildConfigurationList = 7E41C56D28D8E4A600F3B33F /* Build configuration list for PBXNativeTarget "LearningGB (iOS)" */;
			buildPhases = (
				7E41C54028D8E4A600F3B33F /* Sources */,
				7E41C54128D8E4A600F3B33F /* Frameworks */,
				7E41C54228D8E4A600F3B33F /* Resources */,
			);
			buildRules = (
			);
			dependencies = (
			);
			name = "LearningGB (iOS)";
			productName = "LearningGB (iOS)";
			productReference = 7E41C54428D8E4A600F3B33F /* LearningGB.app */;
			productType = "com.apple.product-type.application";
		};
		7E41C54928D8E4A600F3B33F /* LearningGB (macOS) */ = {
			isa = PBXNativeTarget;
			buildConfigurationList = 7E41C57028D8E4A600F3B33F /* Build configuration list for PBXNativeTarget "LearningGB (macOS)" */;
			buildPhases = (
				7E41C54628D8E4A600F3B33F /* Sources */,
				7E41C54728D8E4A600F3B33F /* Frameworks */,
				7E41C54828D8E4A600F3B33F /* Resources */,
			);
			buildRules = (
			);
			dependencies = (
			);
			name = "LearningGB (macOS)";
			productName = "LearningGB (macOS)";
			productReference = 7E41C54A28D8E4A600F3B33F /* LearningGB.app */;
			productType = "com.apple.product-type.application";
		};
		7E41C55028D8E4A600F3B33F /* Tests iOS */ = {
			isa = PBXNativeTarget;
			buildConfigurationList = 7E41C57328D8E4A600F3B33F /* Build configuration list for PBXNativeTarget "Tests iOS" */;
			buildPhases = (
				7E41C54D28D8E4A600F3B33F /* Sources */,
				7E41C54E28D8E4A600F3B33F /* Frameworks */,
				7E41C54F28D8E4A600F3B33F /* Resources */,
			);
			buildRules = (
			);
			dependencies = (
				7E41C55328D8E4A600F3B33F /* PBXTargetDependency */,
			);
			name = "Tests iOS";
			productName = "Tests iOS";
			productReference = 7E41C55128D8E4A600F3B33F /* Tests iOS.xctest */;
			productType = "com.apple.product-type.bundle.ui-testing";
		};
		7E41C55C28D8E4A600F3B33F /* Tests macOS */ = {
			isa = PBXNativeTarget;
			buildConfigurationList = 7E41C57628D8E4A600F3B33F /* Build configuration list for PBXNativeTarget "Tests macOS" */;
			buildPhases = (
				7E41C55928D8E4A600F3B33F /* Sources */,
				7E41C55A28D8E4A600F3B33F /* Frameworks */,
				7E41C55B28D8E4A600F3B33F /* Resources */,
			);
			buildRules = (
			);
			dependencies = (
				7E41C55F28D8E4A600F3B33F /* PBXTargetDependency */,
			);
			name = "Tests macOS";
			productName = "Tests macOS";
			productReference = 7E41C55D28D8E4A600F3B33F /* Tests macOS.xctest */;
			productType = "com.apple.product-type.bundle.ui-testing";
		};
/* End PBXNativeTarget section */

/* Begin PBXProject section */
		7E41C53828D8E4A400F3B33F /* Project object */ = {
			isa = PBXProject;
			attributes = {
				BuildIndependentTargetsInParallel = 1;
				LastSwiftUpdateCheck = 1340;
				LastUpgradeCheck = 1340;
				TargetAttributes = {
					7E41C54328D8E4A600F3B33F = {
						CreatedOnToolsVersion = 13.4.1;
					};
					7E41C54928D8E4A600F3B33F = {
						CreatedOnToolsVersion = 13.4.1;
					};
					7E41C55028D8E4A600F3B33F = {
						CreatedOnToolsVersion = 13.4.1;
						TestTargetID = 7E41C54328D8E4A600F3B33F;
					};
					7E41C55C28D8E4A600F3B33F = {
						CreatedOnToolsVersion = 13.4.1;
						TestTargetID = 7E41C54928D8E4A600F3B33F;
					};
				};
			};
			buildConfigurationList = 7E41C53B28D8E4A400F3B33F /* Build configuration list for PBXProject "LearningGB" */;
			compatibilityVersion = "Xcode 13.0";
			developmentRegion = en;
			hasScannedForEncodings = 0;
			knownRegions = (
				en,
				Base,
			);
			mainGroup = 7E41C53728D8E4A400F3B33F;
			productRefGroup = 7E41C54528D8E4A600F3B33F /* Products */;
			projectDirPath = "";
			projectRoot = "";
			targets = (
				7E41C54328D8E4A600F3B33F /* LearningGB (iOS) */,
				7E41C54928D8E4A600F3B33F /* LearningGB (macOS) */,
				7E41C55028D8E4A600F3B33F /* Tests iOS */,
				7E41C55C28D8E4A600F3B33F /* Tests macOS */,
			);
		};
/* End PBXProject section */

/* Begin PBXResourcesBuildPhase section */
		7E41C54228D8E4A600F3B33F /* Resources */ = {
			isa = PBXResourcesBuildPhase;
			buildActionMask = 2147483647;
			files = (
				7E41C56928D8E4A600F3B33F /* Assets.xcassets in Resources */,
			);
			runOnlyForDeploymentPostprocessing = 0;
		};
		7E41C54828D8E4A600F3B33F /* Resources */ = {
			isa = PBXResourcesBuildPhase;
			buildActionMask = 2147483647;
			files = (
				7E41C56A28D8E4A600F3B33F /* Assets.xcassets in Resources */,
			);
			runOnlyForDeploymentPostprocessing = 0;
		};
		7E41C54F28D8E4A600F3B33F /* Resources */ = {
			isa = PBXResourcesBuildPhase;
			buildActionMask = 2147483647;
			files = (
			);
			runOnlyForDeploymentPostprocessing = 0;
		};
		7E41C55B28D8E4A600F3B33F /* Resources */ = {
			isa = PBXResourcesBuildPhase;
			buildActionMask = 2147483647;
			files = (
			);
			runOnlyForDeploymentPostprocessing = 0;
		};
/* End PBXResourcesBuildPhase section */

/* Begin PBXSourcesBuildPhase section */
		7E41C54028D8E4A600F3B33F /* Sources */ = {
			isa = PBXSourcesBuildPhase;
			buildActionMask = 2147483647;
			files = (
				7E41C56728D8E4A600F3B33F /* ContentView.swift in Sources */,
				7E41C56528D8E4A600F3B33F /* LearningGBApp.swift in Sources */,
			);
			runOnlyForDeploymentPostprocessing = 0;
		};
		7E41C54628D8E4A600F3B33F /* Sources */ = {
			isa = PBXSourcesBuildPhase;
			buildActionMask = 2147483647;
			files = (
				7E41C56828D8E4A600F3B33F /* ContentView.swift in Sources */,
				7E41C56628D8E4A600F3B33F /* LearningGBApp.swift in Sources */,
			);
			runOnlyForDeploymentPostprocessing = 0;
		};
		7E41C54D28D8E4A600F3B33F /* Sources */ = {
			isa = PBXSourcesBuildPhase;
			buildActionMask = 2147483647;
			files = (
				7E41C55828D8E4A600F3B33F /* Tests_iOSLaunchTests.swift in Sources */,
				7E41C55628D8E4A600F3B33F /* Tests_iOS.swift in Sources */,
			);
			runOnlyForDeploymentPostprocessing = 0;
		};
		7E41C55928D8E4A600F3B33F /* Sources */ = {
			isa = PBXSourcesBuildPhase;
			buildActionMask = 2147483647;
			files = (
				7E41C56428D8E4A600F3B33F /* Tests_macOSLaunchTests.swift in Sources */,
				7E41C56228D8E4A600F3B33F /* Tests_macOS.swift in Sources */,
			);
			runOnlyForDeploymentPostprocessing = 0;
		};
/* End PBXSourcesBuildPhase section */

/* Begin PBXTargetDependency section */
		7E41C55328D8E4A600F3B33F /* PBXTargetDependency */ = {
			isa = PBXTargetDependency;
			target = 7E41C54328D8E4A600F3B33F /* LearningGB (iOS) */;
			targetProxy = 7E41C55228D8E4A600F3B33F /* PBXContainerItemProxy */;
		};
		7E41C55F28D8E4A600F3B33F /* PBXTargetDependency */ = {
			isa = PBXTargetDependency;
			target = 7E41C54928D8E4A600F3B33F /* LearningGB (macOS) */;
			targetProxy = 7E41C55E28D8E4A600F3B33F /* PBXContainerItemProxy */;
		};
/* End PBXTargetDependency section */

/* Begin XCBuildConfiguration section */
		7E41C56B28D8E4A600F3B33F /* Debug */ = {
			isa = XCBuildConfiguration;
			buildSettings = {
				ALWAYS_SEARCH_USER_PATHS = NO;
				CLANG_ANALYZER_NONNULL = YES;
				CLANG_ANALYZER_NUMBER_OBJECT_CONVERSION = YES_AGGRESSIVE;
				CLANG_CXX_LANGUAGE_STANDARD = "gnu++17";
				CLANG_ENABLE_MODULES = YES;
				CLANG_ENABLE_OBJC_ARC = YES;
				CLANG_ENABLE_OBJC_WEAK = YES;
				CLANG_WARN_BLOCK_CAPTURE_AUTORELEASING = YES;
				CLANG_WARN_BOOL_CONVERSION = YES;
				CLANG_WARN_COMMA = YES;
				CLANG_WARN_CONSTANT_CONVERSION = YES;
				CLANG_WARN_DEPRECATED_OBJC_IMPLEMENTATIONS = YES;
				CLANG_WARN_DIRECT_OBJC_ISA_USAGE = YES_ERROR;
				CLANG_WARN_DOCUMENTATION_COMMENTS = YES;
				CLANG_WARN_EMPTY_BODY = YES;
				CLANG_WARN_ENUM_CONVERSION = YES;
				CLANG_WARN_INFINITE_RECURSION = YES;
				CLANG_WARN_INT_CONVERSION = YES;
				CLANG_WARN_NON_LITERAL_NULL_CONVERSION = YES;
				CLANG_WARN_OBJC_IMPLICIT_RETAIN_SELF = YES;
				CLANG_WARN_OBJC_LITERAL_CONVERSION = YES;
				CLANG_WARN_OBJC_ROOT_CLASS = YES_ERROR;
				CLANG_WARN_QUOTED_INCLUDE_IN_FRAMEWORK_HEADER = YES;
				CLANG_WARN_RANGE_LOOP_ANALYSIS = YES;
				CLANG_WARN_STRICT_PROTOTYPES = YES;
				CLANG_WARN_SUSPICIOUS_MOVE = YES;
				CLANG_WARN_UNGUARDED_AVAILABILITY = YES_AGGRESSIVE;
				CLANG_WARN_UNREACHABLE_CODE = YES;
				CLANG_WARN__DUPLICATE_METHOD_MATCH = YES;
				COPY_PHASE_STRIP = NO;
				DEBUG_INFORMATION_FORMAT = dwarf;
				ENABLE_STRICT_OBJC_MSGSEND = YES;
				ENABLE_TESTABILITY = YES;
				GCC_C_LANGUAGE_STANDARD = gnu11;
				GCC_DYNAMIC_NO_PIC = NO;
				GCC_NO_COMMON_BLOCKS = YES;
				GCC_OPTIMIZATION_LEVEL = 0;
				GCC_PREPROCESSOR_DEFINITIONS = (
					"DEBUG=1",
					"$(inherited)",
				);
				GCC_WARN_64_TO_32_BIT_CONVERSION = YES;
				GCC_WARN_ABOUT_RETURN_TYPE = YES_ERROR;
				GCC_WARN_UNDECLARED_SELECTOR = YES;
				GCC_WARN_UNINITIALIZED_AUTOS = YES_AGGRESSIVE;
				GCC_WARN_UNUSED_FUNCTION = YES;
				GCC_WARN_UNUSED_VARIABLE = YES;
				MTL_ENABLE_DEBUG_INFO = INCLUDE_SOURCE;
				MTL_FAST_MATH = YES;
				ONLY_ACTIVE_ARCH = YES;
				SWIFT_ACTIVE_COMPILATION_CONDITIONS = DEBUG;
				SWIFT_OPTIMIZATION_LEVEL = "-Onone";
			};
			name = Debug;
		};
		7E41C56C28D8E4A600F3B33F /* Release */ = {
			isa = XCBuildConfiguration;
			buildSettings = {
				ALWAYS_SEARCH_USER_PATHS = NO;
				CLANG_ANALYZER_NONNULL = YES;
				CLANG_ANALYZER_NUMBER_OBJECT_CONVERSION = YES_AGGRESSIVE;
				CLANG_CXX_LANGUAGE_STANDARD = "gnu++17";
				CLANG_ENABLE_MODULES = YES;
				CLANG_ENABLE_OBJC_ARC = YES;
				CLANG_ENABLE_OBJC_WEAK = YES;
				CLANG_WARN_BLOCK_CAPTURE_AUTORELEASING = YES;
				CLANG_WARN_BOOL_CONVERSION = YES;
				CLANG_WARN_COMMA = YES;
				CLANG_WARN_CONSTANT_CONVERSION = YES;
				CLANG_WARN_DEPRECATED_OBJC_IMPLEMENTATIONS = YES;
				CLANG_WARN_DIRECT_OBJC_ISA_USAGE = YES_ERROR;
				CLANG_WARN_DOCUMENTATION_COMMENTS = YES;
				CLANG_WARN_EMPTY_BODY = YES;
				CLANG_WARN_ENUM_CONVERSION = YES;
				CLANG_WARN_INFINITE_RECURSION = YES;
				CLANG_WARN_INT_CONVERSION = YES;
				CLANG_WARN_NON_LITERAL_NULL_CONVERSION = YES;
				CLANG_WARN_OBJC_IMPLICIT_RETAIN_SELF = YES;
				CLANG_WARN_OBJC_LITERAL_CONVERSION = YES;
				CLANG_WARN_OBJC_ROOT_CLASS = YES_ERROR;
				CLANG_WARN_QUOTED_INCLUDE_IN_FRAMEWORK_HEADER = YES;
				CLANG_WARN_RANGE_LOOP_ANALYSIS = YES;
				CLANG_WARN_STRICT_PROTOTYPES = YES;
				CLANG_WARN_SUSPICIOUS_MOVE = YES;
				CLANG_WARN_UNGUARDED_AVAILABILITY = YES_AGGRESSIVE;
				CLANG_WARN_UNREACHABLE_CODE = YES;
				CLANG_WARN__DUPLICATE_METHOD_MATCH = YES;
				COPY_PHASE_STRIP = NO;
				DEBUG_INFORMATION_FORMAT = "dwarf-with-dsym";
				ENABLE_NS_ASSERTIONS = NO;
				ENABLE_STRICT_OBJC_MSGSEND = YES;
				GCC_C_LANGUAGE_STANDARD = gnu11;
				GCC_NO_COMMON_BLOCKS = YES;
				GCC_WARN_64_TO_32_BIT_CONVERSION = YES;
				GCC_WARN_ABOUT_RETURN_TYPE = YES_ERROR;
				GCC_WARN_UNDECLARED_SELECTOR = YES;
				GCC_WARN_UNINITIALIZED_AUTOS = YES_AGGRESSIVE;
				GCC_WARN_UNUSED_FUNCTION = YES;
				GCC_WARN_UNUSED_VARIABLE = YES;
				MTL_ENABLE_DEBUG_INFO = NO;
				MTL_FAST_MATH = YES;
				SWIFT_COMPILATION_MODE = wholemodule;
				SWIFT_OPTIMIZATION_LEVEL = "-O";
			};
			name = Release;
		};
		7E41C56E28D8E4A600F3B33F /* Debug */ = {
			isa = XCBuildConfiguration;
			buildSettings = {
				ASSETCATALOG_COMPILER_APPICON_NAME = AppIcon;
				ASSETCATALOG_COMPILER_GLOBAL_ACCENT_COLOR_NAME = AccentColor;
				CODE_SIGN_STYLE = Automatic;
				CURRENT_PROJECT_VERSION = 1;
				ENABLE_PREVIEWS = YES;
				GENERATE_INFOPLIST_FILE = YES;
				INFOPLIST_KEY_UIApplicationSceneManifest_Generation = YES;
				INFOPLIST_KEY_UIApplicationSupportsIndirectInputEvents = YES;
				INFOPLIST_KEY_UILaunchScreen_Generation = YES;
				INFOPLIST_KEY_UISupportedInterfaceOrientations_iPad = "UIInterfaceOrientationPortrait UIInterfaceOrientationPortraitUpsideDown UIInterfaceOrientationLandscapeLeft UIInterfaceOrientationLandscapeRight";
				INFOPLIST_KEY_UISupportedInterfaceOrientations_iPhone = "UIInterfaceOrientationPortrait UIInterfaceOrientationLandscapeLeft UIInterfaceOrientationLandscapeRight";
				IPHONEOS_DEPLOYMENT_TARGET = 15.5;
				LD_RUNPATH_SEARCH_PATHS = (
					"$(inherited)",
					"@executable_path/Frameworks",
				);
				MARKETING_VERSION = 1.0;
				PRODUCT_BUNDLE_IDENTIFIER = uh.LearningGB;
				PRODUCT_NAME = LearningGB;
				SDKROOT = iphoneos;
				SWIFT_EMIT_LOC_STRINGS = YES;
				SWIFT_VERSION = 5.0;
				TARGETED_DEVICE_FAMILY = "1,2";
			};
			name = Debug;
		};
		7E41C56F28D8E4A600F3B33F /* Release */ = {
			isa = XCBuildConfiguration;
			buildSettings = {
				ASSETCATALOG_COMPILER_APPICON_NAME = AppIcon;
				ASSETCATALOG_COMPILER_GLOBAL_ACCENT_COLOR_NAME = AccentColor;
				CODE_SIGN_STYLE = Automatic;
				CURRENT_PROJECT_VERSION = 1;
				ENABLE_PREVIEWS = YES;
				GENERATE_INFOPLIST_FILE = YES;
				INFOPLIST_KEY_UIApplicationSceneManifest_Generation = YES;
				INFOPLIST_KEY_UIApplicationSupportsIndirectInputEvents = YES;
				INFOPLIST_KEY_UILaunchScreen_Generation = YES;
				INFOPLIST_KEY_UISupportedInterfaceOrientations_iPad = "UIInterfaceOrientationPortrait UIInterfaceOrientationPortraitUpsideDown UIInterfaceOrientationLandscapeLeft UIInterfaceOrientationLandscapeRight";
				INFOPLIST_KEY_UISupportedInterfaceOrientations_iPhone = "UIInterfaceOrientationPortrait UIInterfaceOrientationLandscapeLeft UIInterfaceOrientationLandscapeRight";
				IPHONEOS_DEPLOYMENT_TARGET = 15.5;
				LD_RUNPATH_SEARCH_PATHS = (
					"$(inherited)",
					"@executable_path/Frameworks",
				);
				MARKETING_VERSION = 1.0;
				PRODUCT_BUNDLE_IDENTIFIER = uh.LearningGB;
				PRODUCT_NAME = LearningGB;
				SDKROOT = iphoneos;
				SWIFT_EMIT_LOC_STRINGS = YES;
				SWIFT_VERSION = 5.0;
				TARGETED_DEVICE_FAMILY = "1,2";
				VALIDATE_PRODUCT = YES;
			};
			name = Release;
		};
		7E41C57128D8E4A600F3B33F /* Debug */ = {
			isa = XCBuildConfiguration;
			buildSettings = {
				ASSETCATALOG_COMPILER_APPICON_NAME = AppIcon;
				ASSETCATALOG_COMPILER_GLOBAL_ACCENT_COLOR_NAME = AccentColor;
				CODE_SIGN_ENTITLEMENTS = macOS/macOS.entitlements;
				CODE_SIGN_STYLE = Automatic;
				COMBINE_HIDPI_IMAGES = YES;
				CURRENT_PROJECT_VERSION = 1;
				ENABLE_PREVIEWS = YES;
				GENERATE_INFOPLIST_FILE = YES;
				INFOPLIST_KEY_NSHumanReadableCopyright = "";
				LD_RUNPATH_SEARCH_PATHS = (
					"$(inherited)",
					"@executable_path/../Frameworks",
				);
				MACOSX_DEPLOYMENT_TARGET = 12.3;
				MARKETING_VERSION = 1.0;
				PRODUCT_BUNDLE_IDENTIFIER = uh.LearningGB;
				PRODUCT_NAME = LearningGB;
				SDKROOT = macosx;
				SWIFT_EMIT_LOC_STRINGS = YES;
				SWIFT_VERSION = 5.0;
			};
			name = Debug;
		};
		7E41C57228D8E4A600F3B33F /* Release */ = {
			isa = XCBuildConfiguration;
			buildSettings = {
				ASSETCATALOG_COMPILER_APPICON_NAME = AppIcon;
				ASSETCATALOG_COMPILER_GLOBAL_ACCENT_COLOR_NAME = AccentColor;
				CODE_SIGN_ENTITLEMENTS = macOS/macOS.entitlements;
				CODE_SIGN_STYLE = Automatic;
				COMBINE_HIDPI_IMAGES = YES;
				CURRENT_PROJECT_VERSION = 1;
				ENABLE_PREVIEWS = YES;
				GENERATE_INFOPLIST_FILE = YES;
				INFOPLIST_KEY_NSHumanReadableCopyright = "";
				LD_RUNPATH_SEARCH_PATHS = (
					"$(inherited)",
					"@executable_path/../Frameworks",
				);
				MACOSX_DEPLOYMENT_TARGET = 12.3;
				MARKETING_VERSION = 1.0;
				PRODUCT_BUNDLE_IDENTIFIER = uh.LearningGB;
				PRODUCT_NAME = LearningGB;
				SDKROOT = macosx;
				SWIFT_EMIT_LOC_STRINGS = YES;
				SWIFT_VERSION = 5.0;
			};
			name = Release;
		};
		7E41C57428D8E4A600F3B33F /* Debug */ = {
			isa = XCBuildConfiguration;
			buildSettings = {
				ALWAYS_EMBED_SWIFT_STANDARD_LIBRARIES = YES;
				CODE_SIGN_STYLE = Automatic;
				CURRENT_PROJECT_VERSION = 1;
				GENERATE_INFOPLIST_FILE = YES;
				IPHONEOS_DEPLOYMENT_TARGET = 15.5;
				MARKETING_VERSION = 1.0;
				PRODUCT_BUNDLE_IDENTIFIER = "uh.Tests-iOS";
				PRODUCT_NAME = "$(TARGET_NAME)";
				SDKROOT = iphoneos;
				SWIFT_EMIT_LOC_STRINGS = NO;
				SWIFT_VERSION = 5.0;
				TARGETED_DEVICE_FAMILY = "1,2";
				TEST_TARGET_NAME = "LearningGB (iOS)";
			};
			name = Debug;
		};
		7E41C57528D8E4A600F3B33F /* Release */ = {
			isa = XCBuildConfiguration;
			buildSettings = {
				ALWAYS_EMBED_SWIFT_STANDARD_LIBRARIES = YES;
				CODE_SIGN_STYLE = Automatic;
				CURRENT_PROJECT_VERSION = 1;
				GENERATE_INFOPLIST_FILE = YES;
				IPHONEOS_DEPLOYMENT_TARGET = 15.5;
				MARKETING_VERSION = 1.0;
				PRODUCT_BUNDLE_IDENTIFIER = "uh.Tests-iOS";
				PRODUCT_NAME = "$(TARGET_NAME)";
				SDKROOT = iphoneos;
				SWIFT_EMIT_LOC_STRINGS = NO;
				SWIFT_VERSION = 5.0;
				TARGETED_DEVICE_FAMILY = "1,2";
				TEST_TARGET_NAME = "LearningGB (iOS)";
				VALIDATE_PRODUCT = YES;
			};
			name = Release;
		};
		7E41C57728D8E4A600F3B33F /* Debug */ = {
			isa = XCBuildConfiguration;
			buildSettings = {
				ALWAYS_EMBED_SWIFT_STANDARD_LIBRARIES = YES;
				CODE_SIGN_STYLE = Automatic;
				CURRENT_PROJECT_VERSION = 1;
				GENERATE_INFOPLIST_FILE = YES;
				MACOSX_DEPLOYMENT_TARGET = 12.3;
				MARKETING_VERSION = 1.0;
				PRODUCT_BUNDLE_IDENTIFIER = "uh.Tests-macOS";
				PRODUCT_NAME = "$(TARGET_NAME)";
				SDKROOT = macosx;
				SWIFT_EMIT_LOC_STRINGS = NO;
				SWIFT_VERSION = 5.0;
				TEST_TARGET_NAME = "LearningGB (macOS)";
			};
			name = Debug;
		};
		7E41C57828D8E4A600F3B33F /* Release */ = {
			isa = XCBuildConfiguration;
			buildSettings = {
				ALWAYS_EMBED_SWIFT_STANDARD_LIBRARIES = YES;
				CODE_SIGN_STYLE = Automatic;
				CURRENT_PROJECT_VERSION = 1;
				GENERATE_INFOPLIST_FILE = YES;
				MACOSX_DEPLOYMENT_TARGET = 12.3;
				MARKETING_VERSION = 1.0;
				PRODUCT_BUNDLE_IDENTIFIER = "uh.Tests-macOS";
				PRODUCT_NAME = "$(TARGET_NAME)";
				SDKROOT = macosx;
				SWIFT_EMIT_LOC_STRINGS = NO;
				SWIFT_VERSION = 5.0;
				TEST_TARGET_NAME = "LearningGB (macOS)";
			};
			name = Release;
		};
/* End XCBuildConfiguration section */

/* Begin XCConfigurationList section */
		7E41C53B28D8E4A400F3B33F /* Build configuration list for PBXProject "LearningGB" */ = {
			isa = XCConfigurationList;
			buildConfigurations = (
				7E41C56B28D8E4A600F3B33F /* Debug */,
				7E41C56C28D8E4A600F3B33F /* Release */,
			);
			defaultConfigurationIsVisible = 0;
			defaultConfigurationName = Release;
		};
		7E41C56D28D8E4A600F3B33F /* Build configuration list for PBXNativeTarget "LearningGB (iOS)" */ = {
			isa = XCConfigurationList;
			buildConfigurations = (
				7E41C56E28D8E4A600F3B33F /* Debug */,
				7E41C56F28D8E4A600F3B33F /* Release */,
			);
			defaultConfigurationIsVisible = 0;
			defaultConfigurationName = Release;
		};
		7E41C57028D8E4A600F3B33F /* Build configuration list for PBXNativeTarget "LearningGB (macOS)" */ = {
			isa = XCConfigurationList;
			buildConfigurations = (
				7E41C57128D8E4A600F3B33F /* Debug */,
				7E41C57228D8E4A600F3B33F /* Release */,
			);
			defaultConfigurationIsVisible = 0;
			defaultConfigurationName = Release;
		};
		7E41C57328D8E4A600F3B33F /* Build configuration list for PBXNativeTarget "Tests iOS" */ = {
			isa = XCConfigurationList;
			buildConfigurations = (
				7E41C57428D8E4A600F3B33F /* Debug */,
				7E41C57528D8E4A600F3B33F /* Release */,
			);
			defaultConfigurationIsVisible = 0;
			defaultConfigurationName = Release;
		};
		7E41C57628D8E4A600F3B33F /* Build configuration list for PBXNativeTarget "Tests macOS" */ = {
			isa = XCConfigurationList;
			buildConfigurations = (
				7E41C57728D8E4A600F3B33F /* Debug */,
				7E41C57828D8E4A600F3B33F /* Release */,
			);
			defaultConfigurationIsVisible = 0;
			defaultConfigurationName = Release;
		};
/* End XCConfigurationList section */
	};
	rootObject = 7E41C53828D8E4A400F3B33F /* Project object */;
}
